
Microsoft Visual Studio Solution File, Format Version 12.00
# Visual Studio Version 17
VisualStudioVersion = 17.3.32929.385
MinimumVisualStudioVersion = 10.0.40219.1
Project("{9A19103F-16F7-4668-BE54-9A1E7A4F7556}") = "FubisApp", "FubisApp\FubisApp.csproj", "{18C5EF0C-B555-4537-8761-7A7A55713EE3}"
EndProject
Project("{54435603-DBB4-11D2-8724-00A0C9A8B90C}") = "FÜBİS", "FÜBİS\FÜBİS.vdproj", "{BDB92263-4B99-4B0D-8EEF-E5DF644312C7}"
EndProject
Global
	GlobalSection(SolutionConfigurationPlatforms) = preSolution
		Debug|Any CPU = Debug|Any CPU
		Release|Any CPU = Release|Any CPU
	EndGlobalSection
	GlobalSection(ProjectConfigurationPlatforms) = postSolution
		{18C5EF0C-B555-4537-8761-7A7A55713EE3}.Debug|Any CPU.ActiveCfg = Debug|Any CPU
		{18C5EF0C-B555-4537-8761-7A7A55713EE3}.Debug|Any CPU.Build.0 = Debug|Any CPU
		{18C5EF0C-B555-4537-8761-7A7A55713EE3}.Release|Any CPU.ActiveCfg = Release|Any CPU
		{18C5EF0C-B555-4537-8761-7A7A55713EE3}.Release|Any CPU.Build.0 = Release|Any CPU
		{BDB92263-4B99-4B0D-8EEF-E5DF644312C7}.Debug|Any CPU.ActiveCfg = Debug
		{BDB92263-4B99-4B0D-8EEF-E5DF644312C7}.Release|Any CPU.ActiveCfg = Release
	EndGlobalSection
	GlobalSection(SolutionProperties) = preSolution
		HideSolutionNode = FALSE
	EndGlobalSection
	GlobalSection(ExtensibilityGlobals) = postSolution
		SolutionGuid = {0F99EE69-6BB3-41A1-8F93-A50282DB443E}
	EndGlobalSection
	GlobalSection(SolutionConfigurationPlatforms) = preSolution
		Debug|Any CPU = Debug|Any CPU
		Release|Any CPU = Release|Any CPU
	EndGlobalSection
EndGlobal
